
Microsoft Visual Studio Solution File, Format Version 12.00
# Visual Studio 15
Project("{FAE04EC0-301F-11D3-BF4B-00C04F79EFBC}") = "Assembly-CSharp", "Assembly-CSharp.csproj", "{50113EA3-58CB-1DE2-3402-5C0BD0C8B060}"
EndProject
Project("{FAE04EC0-301F-11D3-BF4B-00C04F79EFBC}") = "Assembly-CSharp-Editor", "Assembly-CSharp-Editor.csproj", "{9A8182B5-B82F-D32B-2D23-2D837ED4A092}"
EndProject
Global
	GlobalSection(SolutionConfigurationPlatforms) = preSolution
		Debug|Any CPU = Debug|Any CPU
		Release|Any CPU = Release|Any CPU
	EndGlobalSection
	GlobalSection(ProjectConfigurationPlatforms) = postSolution
		{50113EA3-58CB-1DE2-3402-5C0BD0C8B060}.Debug|Any CPU.ActiveCfg = Debug|Any CPU
		{50113EA3-58CB-1DE2-3402-5C0BD0C8B060}.Debug|Any CPU.Build.0 = Debug|Any CPU
		{50113EA3-58CB-1DE2-3402-5C0BD0C8B060}.Release|Any CPU.ActiveCfg = Release|Any CPU
		{50113EA3-58CB-1DE2-3402-5C0BD0C8B060}.Release|Any CPU.Build.0 = Release|Any CPU
		{9A8182B5-B82F-D32B-2D23-2D837ED4A092}.Debug|Any CPU.ActiveCfg = Debug|Any CPU
		{9A8182B5-B82F-D32B-2D23-2D837ED4A092}.Debug|Any CPU.Build.0 = Debug|Any CPU
		{9A8182B5-B82F-D32B-2D23-2D837ED4A092}.Release|Any CPU.ActiveCfg = Release|Any CPU
		{9A8182B5-B82F-D32B-2D23-2D837ED4A092}.Release|Any CPU.Build.0 = Release|Any CPU
	EndGlobalSection
	GlobalSection(SolutionProperties) = preSolution
		HideSolutionNode = FALSE
	EndGlobalSection
EndGlobal
